
Microsoft Visual Studio Solution File, Format Version 12.00
# Visual Studio Version 16
VisualStudioVersion = 16.0.28803.452
MinimumVisualStudioVersion = 10.0.40219.1
Project("{FAE04EC0-301F-11D3-BF4B-00C04F79EFBC}") = "CB_Choice", "CB_Choice\CB_Choice.csproj", "{F4CEB37E-CA27-4905-BD94-2071B5379B55}"
EndProject
Global
	GlobalSection(SolutionConfigurationPlatforms) = preSolution
		Debug|Any CPU = Debug|Any CPU
		Release|Any CPU = Release|Any CPU
	EndGlobalSection
	GlobalSection(ProjectConfigurationPlatforms) = postSolution
		{F4CEB37E-CA27-4905-BD94-2071B5379B55}.Debug|Any CPU.ActiveCfg = Debug|Any CPU
		{F4CEB37E-CA27-4905-BD94-2071B5379B55}.Debug|Any CPU.Build.0 = Debug|Any CPU
		{F4CEB37E-CA27-4905-BD94-2071B5379B55}.Release|Any CPU.ActiveCfg = Release|Any CPU
		{F4CEB37E-CA27-4905-BD94-2071B5379B55}.Release|Any CPU.Build.0 = Release|Any CPU
	EndGlobalSection
	GlobalSection(SolutionProperties) = preSolution
		HideSolutionNode = FALSE
	EndGlobalSection
	GlobalSection(ExtensibilityGlobals) = postSolution
		SolutionGuid = {3F49E56B-2E2F-45BC-878D-02893692B8C1}
	EndGlobalSection
EndGlobal
